
Microsoft Visual Studio Solution File, Format Version 12.00
# Visual Studio 15
VisualStudioVersion = 15.0.26228.4
MinimumVisualStudioVersion = 10.0.40219.1
Project("{FAE04EC0-301F-11D3-BF4B-00C04F79EFBC}") = "TaskManager.WebAPI", "TaskManager.WebAPI\TaskManager.WebAPI.csproj", "{60D8852E-C26A-45AA-ABAA-A31F437AA755}"
EndProject
Project("{FAE04EC0-301F-11D3-BF4B-00C04F79EFBC}") = "TaskManager.BL", "TaskManager.BL\TaskManager.BL.csproj", "{CD558320-7D21-482C-8110-46B395E22229}"
EndProject
Project("{FAE04EC0-301F-11D3-BF4B-00C04F79EFBC}") = "TaskManager.DL", "TaskManager.DL\TaskManager.DL.csproj", "{AE1D4240-7167-4C86-80E6-5C8012431A9E}"
EndProject
Project("{FAE04EC0-301F-11D3-BF4B-00C04F79EFBC}") = "TaskManager.Entities", "TaskManager.Entities\TaskManager.Entities.csproj", "{9F263555-B8A1-4989-8DED-915E58D191ED}"
EndProject
Project("{FAE04EC0-301F-11D3-BF4B-00C04F79EFBC}") = "TaskManager.NUnit", "TaskManager.NUnit\TaskManager.NUnit.csproj", "{584AC986-44DE-4D48-A801-A20C0700927F}"
EndProject
Project("{FAE04EC0-301F-11D3-BF4B-00C04F79EFBC}") = "TaskManager.NBench", "TaskManager.NBench\TaskManager.NBench.csproj", "{3BB8CE1C-DCC2-4D77-AFAF-AC86BE5BE81E}"
EndProject
Global
	GlobalSection(SolutionConfigurationPlatforms) = preSolution
		Debug|Any CPU = Debug|Any CPU
		Release|Any CPU = Release|Any CPU
	EndGlobalSection
	GlobalSection(ProjectConfigurationPlatforms) = postSolution
		{60D8852E-C26A-45AA-ABAA-A31F437AA755}.Debug|Any CPU.ActiveCfg = Debug|Any CPU
		{60D8852E-C26A-45AA-ABAA-A31F437AA755}.Debug|Any CPU.Build.0 = Debug|Any CPU
		{60D8852E-C26A-45AA-ABAA-A31F437AA755}.Release|Any CPU.ActiveCfg = Release|Any CPU
		{60D8852E-C26A-45AA-ABAA-A31F437AA755}.Release|Any CPU.Build.0 = Release|Any CPU
		{CD558320-7D21-482C-8110-46B395E22229}.Debug|Any CPU.ActiveCfg = Debug|Any CPU
		{CD558320-7D21-482C-8110-46B395E22229}.Debug|Any CPU.Build.0 = Debug|Any CPU
		{CD558320-7D21-482C-8110-46B395E22229}.Release|Any CPU.ActiveCfg = Release|Any CPU
		{CD558320-7D21-482C-8110-46B395E22229}.Release|Any CPU.Build.0 = Release|Any CPU
		{AE1D4240-7167-4C86-80E6-5C8012431A9E}.Debug|Any CPU.ActiveCfg = Debug|Any CPU
		{AE1D4240-7167-4C86-80E6-5C8012431A9E}.Debug|Any CPU.Build.0 = Debug|Any CPU
		{AE1D4240-7167-4C86-80E6-5C8012431A9E}.Release|Any CPU.ActiveCfg = Release|Any CPU
		{AE1D4240-7167-4C86-80E6-5C8012431A9E}.Release|Any CPU.Build.0 = Release|Any CPU
		{9F263555-B8A1-4989-8DED-915E58D191ED}.Debug|Any CPU.ActiveCfg = Debug|Any CPU
		{9F263555-B8A1-4989-8DED-915E58D191ED}.Debug|Any CPU.Build.0 = Debug|Any CPU
		{9F263555-B8A1-4989-8DED-915E58D191ED}.Release|Any CPU.ActiveCfg = Release|Any CPU
		{9F263555-B8A1-4989-8DED-915E58D191ED}.Release|Any CPU.Build.0 = Release|Any CPU
		{584AC986-44DE-4D48-A801-A20C0700927F}.Debug|Any CPU.ActiveCfg = Debug|Any CPU
		{584AC986-44DE-4D48-A801-A20C0700927F}.Debug|Any CPU.Build.0 = Debug|Any CPU
		{584AC986-44DE-4D48-A801-A20C0700927F}.Release|Any CPU.ActiveCfg = Release|Any CPU
		{584AC986-44DE-4D48-A801-A20C0700927F}.Release|Any CPU.Build.0 = Release|Any CPU
		{3BB8CE1C-DCC2-4D77-AFAF-AC86BE5BE81E}.Debug|Any CPU.ActiveCfg = Debug|Any CPU
		{3BB8CE1C-DCC2-4D77-AFAF-AC86BE5BE81E}.Debug|Any CPU.Build.0 = Debug|Any CPU
		{3BB8CE1C-DCC2-4D77-AFAF-AC86BE5BE81E}.Release|Any CPU.ActiveCfg = Release|Any CPU
		{3BB8CE1C-DCC2-4D77-AFAF-AC86BE5BE81E}.Release|Any CPU.Build.0 = Release|Any CPU
	EndGlobalSection
	GlobalSection(SolutionProperties) = preSolution
		HideSolutionNode = FALSE
	EndGlobalSection
EndGlobal
